// !$*UTF8*$!
{
	archiveVersion = 1;
	classes = {
	};
	objectVersion = 50;
	objects = {

/* Begin PBXBuildFile section */
		C145AF312391F1E600A7EC51 /* AppDelegate.swift in Sources */ = {isa = PBXBuildFile; fileRef = C145AF302391F1E600A7EC51 /* AppDelegate.swift */; };
		C145AF332391F1E600A7EC51 /* SceneDelegate.swift in Sources */ = {isa = PBXBuildFile; fileRef = C145AF322391F1E600A7EC51 /* SceneDelegate.swift */; };
		C145AF352391F1E600A7EC51 /* ContentView.swift in Sources */ = {isa = PBXBuildFile; fileRef = C145AF342391F1E600A7EC51 /* ContentView.swift */; };
		C145AF372391F1E900A7EC51 /* Assets.xcassets in Resources */ = {isa = PBXBuildFile; fileRef = C145AF362391F1E900A7EC51 /* Assets.xcassets */; };
		C145AF3A2391F1E900A7EC51 /* Preview Assets.xcassets in Resources */ = {isa = PBXBuildFile; fileRef = C145AF392391F1E900A7EC51 /* Preview Assets.xcassets */; };
		C145AF3D2391F1E900A7EC51 /* LaunchScreen.storyboard in Resources */ = {isa = PBXBuildFile; fileRef = C145AF3B2391F1E900A7EC51 /* LaunchScreen.storyboard */; };
		C145AF482391F1E900A7EC51 /* SwiftUILearningTests.swift in Sources */ = {isa = PBXBuildFile; fileRef = C145AF472391F1E900A7EC51 /* SwiftUILearningTests.swift */; };
		C145AF532391F1E900A7EC51 /* SwiftUILearningUITests.swift in Sources */ = {isa = PBXBuildFile; fileRef = C145AF522391F1E900A7EC51 /* SwiftUILearningUITests.swift */; };
		C1CB7CA72394B98600FAFB73 /* MediaCatalog.xcassets in Resources */ = {isa = PBXBuildFile; fileRef = C1CB7CA62394B98600FAFB73 /* MediaCatalog.xcassets */; };
		C1CB7CAA2394B9F400FAFB73 /* CardImageView.swift in Sources */ = {isa = PBXBuildFile; fileRef = C1CB7CA92394B9F400FAFB73 /* CardImageView.swift */; };
		C1CB7CAD2394C06800FAFB73 /* CellView.swift in Sources */ = {isa = PBXBuildFile; fileRef = C1CB7CAC2394C06800FAFB73 /* CellView.swift */; };
/* End PBXBuildFile section */

/* Begin PBXContainerItemProxy section */
		C145AF442391F1E900A7EC51 /* PBXContainerItemProxy */ = {
			isa = PBXContainerItemProxy;
			containerPortal = C145AF252391F1E600A7EC51 /* Project object */;
			proxyType = 1;
			remoteGlobalIDString = C145AF2C2391F1E600A7EC51;
			remoteInfo = SwiftUILearning;
		};
		C145AF4F2391F1E900A7EC51 /* PBXContainerItemProxy */ = {
			isa = PBXContainerItemProxy;
			containerPortal = C145AF252391F1E600A7EC51 /* Project object */;
			proxyType = 1;
			remoteGlobalIDString = C145AF2C2391F1E600A7EC51;
			remoteInfo = SwiftUILearning;
		};
/* End PBXContainerItemProxy section */

/* Begin PBXFileReference section */
		C145AF2D2391F1E600A7EC51 /* SwiftUILearning.app */ = {isa = PBXFileReference; explicitFileType = wrapper.application; includeInIndex = 0; path = SwiftUILearning.app; sourceTree = BUILT_PRODUCTS_DIR; };
		C145AF302391F1E600A7EC51 /* AppDelegate.swift */ = {isa = PBXFileReference; lastKnownFileType = sourcecode.swift; path = AppDelegate.swift; sourceTree = "<group>"; };
		C145AF322391F1E600A7EC51 /* SceneDelegate.swift */ = {isa = PBXFileReference; lastKnownFileType = sourcecode.swift; path = SceneDelegate.swift; sourceTree = "<group>"; };
		C145AF342391F1E600A7EC51 /* ContentView.swift */ = {isa = PBXFileReference; lastKnownFileType = sourcecode.swift; path = ContentView.swift; sourceTree = "<group>"; };
		C145AF362391F1E900A7EC51 /* Assets.xcassets */ = {isa = PBXFileReference; lastKnownFileType = folder.assetcatalog; path = Assets.xcassets; sourceTree = "<group>"; };
		C145AF392391F1E900A7EC51 /* Preview Assets.xcassets */ = {isa = PBXFileReference; lastKnownFileType = folder.assetcatalog; path = "Preview Assets.xcassets"; sourceTree = "<group>"; };
		C145AF3C2391F1E900A7EC51 /* Base */ = {isa = PBXFileReference; lastKnownFileType = file.storyboard; name = Base; path = Base.lproj/LaunchScreen.storyboard; sourceTree = "<group>"; };
		C145AF3E2391F1E900A7EC51 /* Info.plist */ = {isa = PBXFileReference; lastKnownFileType = text.plist.xml; path = Info.plist; sourceTree = "<group>"; };
		C145AF432391F1E900A7EC51 /* SwiftUILearningTests.xctest */ = {isa = PBXFileReference; explicitFileType = wrapper.cfbundle; includeInIndex = 0; path = SwiftUILearningTests.xctest; sourceTree = BUILT_PRODUCTS_DIR; };
		C145AF472391F1E900A7EC51 /* SwiftUILearningTests.swift */ = {isa = PBXFileReference; lastKnownFileType = sourcecode.swift; path = SwiftUILearningTests.swift; sourceTree = "<group>"; };
		C145AF492391F1E900A7EC51 /* Info.plist */ = {isa = PBXFileReference; lastKnownFileType = text.plist.xml; path = Info.plist; sourceTree = "<group>"; };
		C145AF4E2391F1E900A7EC51 /* SwiftUILearningUITests.xctest */ = {isa = PBXFileReference; explicitFileType = wrapper.cfbundle; includeInIndex = 0; path = SwiftUILearningUITests.xctest; sourceTree = BUILT_PRODUCTS_DIR; };
		C145AF522391F1E900A7EC51 /* SwiftUILearningUITests.swift */ = {isa = PBXFileReference; lastKnownFileType = sourcecode.swift; path = SwiftUILearningUITests.swift; sourceTree = "<group>"; };
		C145AF542391F1E900A7EC51 /* Info.plist */ = {isa = PBXFileReference; lastKnownFileType = text.plist.xml; path = Info.plist; sourceTree = "<group>"; };
		C1CB7CA62394B98600FAFB73 /* MediaCatalog.xcassets */ = {isa = PBXFileReference; lastKnownFileType = folder.assetcatalog; path = MediaCatalog.xcassets; sourceTree = "<group>"; };
		C1CB7CA92394B9F400FAFB73 /* CardImageView.swift */ = {isa = PBXFileReference; lastKnownFileType = sourcecode.swift; path = CardImageView.swift; sourceTree = "<group>"; };
		C1CB7CAC2394C06800FAFB73 /* CellView.swift */ = {isa = PBXFileReference; lastKnownFileType = sourcecode.swift; path = CellView.swift; sourceTree = "<group>"; };
/* End PBXFileReference section */

/* Begin PBXFrameworksBuildPhase section */
		C145AF2A2391F1E600A7EC51 /* Frameworks */ = {
			isa = PBXFrameworksBuildPhase;
			buildActionMask = 2147483647;
			files = (
			);
			runOnlyForDeploymentPostprocessing = 0;
		};
		C145AF402391F1E900A7EC51 /* Frameworks */ = {
			isa = PBXFrameworksBuildPhase;
			buildActionMask = 2147483647;
			files = (
			);
			runOnlyForDeploymentPostprocessing = 0;
		};
		C145AF4B2391F1E900A7EC51 /* Frameworks */ = {
			isa = PBXFrameworksBuildPhase;
			buildActionMask = 2147483647;
			files = (
			);
			runOnlyForDeploymentPostprocessing = 0;
		};
/* End PBXFrameworksBuildPhase section */

/* Begin PBXGroup section */
		C145AF242391F1E600A7EC51 = {
			isa = PBXGroup;
			children = (
				C145AF2F2391F1E600A7EC51 /* SwiftUILearning */,
				C145AF462391F1E900A7EC51 /* SwiftUILearningTests */,
				C145AF512391F1E900A7EC51 /* SwiftUILearningUITests */,
				C145AF2E2391F1E600A7EC51 /* Products */,
			);
			sourceTree = "<group>";
		};
		C145AF2E2391F1E600A7EC51 /* Products */ = {
			isa = PBXGroup;
			children = (
				C145AF2D2391F1E600A7EC51 /* SwiftUILearning.app */,
				C145AF432391F1E900A7EC51 /* SwiftUILearningTests.xctest */,
				C145AF4E2391F1E900A7EC51 /* SwiftUILearningUITests.xctest */,
			);
			name = Products;
			sourceTree = "<group>";
		};
		C145AF2F2391F1E600A7EC51 /* SwiftUILearning */ = {
			isa = PBXGroup;
			children = (
				C1CB7CA82394B9D400FAFB73 /* Views */,
				C1CB7CA52394B93F00FAFB73 /* Resources */,
				C145AF302391F1E600A7EC51 /* AppDelegate.swift */,
				C145AF322391F1E600A7EC51 /* SceneDelegate.swift */,
				C145AF342391F1E600A7EC51 /* ContentView.swift */,
				C145AF362391F1E900A7EC51 /* Assets.xcassets */,
				C145AF3B2391F1E900A7EC51 /* LaunchScreen.storyboard */,
				C145AF3E2391F1E900A7EC51 /* Info.plist */,
				C145AF382391F1E900A7EC51 /* Preview Content */,
			);
			path = SwiftUILearning;
			sourceTree = "<group>";
		};
		C145AF382391F1E900A7EC51 /* Preview Content */ = {
			isa = PBXGroup;
			children = (
				C145AF392391F1E900A7EC51 /* Preview Assets.xcassets */,
			);
			path = "Preview Content";
			sourceTree = "<group>";
		};
		C145AF462391F1E900A7EC51 /* SwiftUILearningTests */ = {
			isa = PBXGroup;
			children = (
				C145AF472391F1E900A7EC51 /* SwiftUILearningTests.swift */,
				C145AF492391F1E900A7EC51 /* Info.plist */,
			);
			path = SwiftUILearningTests;
			sourceTree = "<group>";
		};
		C145AF512391F1E900A7EC51 /* SwiftUILearningUITests */ = {
			isa = PBXGroup;
			children = (
				C145AF522391F1E900A7EC51 /* SwiftUILearningUITests.swift */,
				C145AF542391F1E900A7EC51 /* Info.plist */,
			);
			path = SwiftUILearningUITests;
			sourceTree = "<group>";
		};
		C1CB7CA52394B93F00FAFB73 /* Resources */ = {
			isa = PBXGroup;
			children = (
				C1CB7CA62394B98600FAFB73 /* MediaCatalog.xcassets */,
			);
			path = Resources;
			sourceTree = "<group>";
		};
		C1CB7CA82394B9D400FAFB73 /* Views */ = {
			isa = PBXGroup;
			children = (
				C1CB7CAB2394C04300FAFB73 /* List */,
				C1CB7CA92394B9F400FAFB73 /* CardImageView.swift */,
			);
			path = Views;
			sourceTree = "<group>";
		};
		C1CB7CAB2394C04300FAFB73 /* List */ = {
			isa = PBXGroup;
			children = (
				C1CB7CAC2394C06800FAFB73 /* CellView.swift */,
			);
			path = List;
			sourceTree = "<group>";
		};
/* End PBXGroup section */

/* Begin PBXNativeTarget section */
		C145AF2C2391F1E600A7EC51 /* SwiftUILearning */ = {
			isa = PBXNativeTarget;
			buildConfigurationList = C145AF572391F1E900A7EC51 /* Build configuration list for PBXNativeTarget "SwiftUILearning" */;
			buildPhases = (
				C145AF292391F1E600A7EC51 /* Sources */,
				C145AF2A2391F1E600A7EC51 /* Frameworks */,
				C145AF2B2391F1E600A7EC51 /* Resources */,
			);
			buildRules = (
			);
			dependencies = (
			);
			name = SwiftUILearning;
			productName = SwiftUILearning;
			productReference = C145AF2D2391F1E600A7EC51 /* SwiftUILearning.app */;
			productType = "com.apple.product-type.application";
		};
		C145AF422391F1E900A7EC51 /* SwiftUILearningTests */ = {
			isa = PBXNativeTarget;
			buildConfigurationList = C145AF5A2391F1E900A7EC51 /* Build configuration list for PBXNativeTarget "SwiftUILearningTests" */;
			buildPhases = (
				C145AF3F2391F1E900A7EC51 /* Sources */,
				C145AF402391F1E900A7EC51 /* Frameworks */,
				C145AF412391F1E900A7EC51 /* Resources */,
			);
			buildRules = (
			);
			dependencies = (
				C145AF452391F1E900A7EC51 /* PBXTargetDependency */,
			);
			name = SwiftUILearningTests;
			productName = SwiftUILearningTests;
			productReference = C145AF432391F1E900A7EC51 /* SwiftUILearningTests.xctest */;
			productType = "com.apple.product-type.bundle.unit-test";
		};
		C145AF4D2391F1E900A7EC51 /* SwiftUILearningUITests */ = {
			isa = PBXNativeTarget;
			buildConfigurationList = C145AF5D2391F1E900A7EC51 /* Build configuration list for PBXNativeTarget "SwiftUILearningUITests" */;
			buildPhases = (
				C145AF4A2391F1E900A7EC51 /* Sources */,
				C145AF4B2391F1E900A7EC51 /* Frameworks */,
				C145AF4C2391F1E900A7EC51 /* Resources */,
			);
			buildRules = (
			);
			dependencies = (
				C145AF502391F1E900A7EC51 /* PBXTargetDependency */,
			);
			name = SwiftUILearningUITests;
			productName = SwiftUILearningUITests;
			productReference = C145AF4E2391F1E900A7EC51 /* SwiftUILearningUITests.xctest */;
			productType = "com.apple.product-type.bundle.ui-testing";
		};
/* End PBXNativeTarget section */

/* Begin PBXProject section */
		C145AF252391F1E600A7EC51 /* Project object */ = {
			isa = PBXProject;
			attributes = {
				LastSwiftUpdateCheck = 1130;
				LastUpgradeCheck = 1130;
				ORGANIZATIONNAME = "John Edwin Guerrero Ayala";
				TargetAttributes = {
					C145AF2C2391F1E600A7EC51 = {
						CreatedOnToolsVersion = 11.3;
					};
					C145AF422391F1E900A7EC51 = {
						CreatedOnToolsVersion = 11.3;
						TestTargetID = C145AF2C2391F1E600A7EC51;
					};
					C145AF4D2391F1E900A7EC51 = {
						CreatedOnToolsVersion = 11.3;
						TestTargetID = C145AF2C2391F1E600A7EC51;
					};
				};
			};
			buildConfigurationList = C145AF282391F1E600A7EC51 /* Build configuration list for PBXProject "SwiftUILearning" */;
			compatibilityVersion = "Xcode 9.3";
			developmentRegion = en;
			hasScannedForEncodings = 0;
			knownRegions = (
				en,
				Base,
			);
			mainGroup = C145AF242391F1E600A7EC51;
			productRefGroup = C145AF2E2391F1E600A7EC51 /* Products */;
			projectDirPath = "";
			projectRoot = "";
			targets = (
				C145AF2C2391F1E600A7EC51 /* SwiftUILearning */,
				C145AF422391F1E900A7EC51 /* SwiftUILearningTests */,
				C145AF4D2391F1E900A7EC51 /* SwiftUILearningUITests */,
			);
		};
/* End PBXProject section */

/* Begin PBXResourcesBuildPhase section */
		C145AF2B2391F1E600A7EC51 /* Resources */ = {
			isa = PBXResourcesBuildPhase;
			buildActionMask = 2147483647;
			files = (
				C1CB7CA72394B98600FAFB73 /* MediaCatalog.xcassets in Resources */,
				C145AF3D2391F1E900A7EC51 /* LaunchScreen.storyboard in Resources */,
				C145AF3A2391F1E900A7EC51 /* Preview Assets.xcassets in Resources */,
				C145AF372391F1E900A7EC51 /* Assets.xcassets in Resources */,
			);
			runOnlyForDeploymentPostprocessing = 0;
		};
		C145AF412391F1E900A7EC51 /* Resources */ = {
			isa = PBXResourcesBuildPhase;
			buildActionMask = 2147483647;
			files = (
			);
			runOnlyForDeploymentPostprocessing = 0;
		};
		C145AF4C2391F1E900A7EC51 /* Resources */ = {
			isa = PBXResourcesBuildPhase;
			buildActionMask = 2147483647;
			files = (
			);
			runOnlyForDeploymentPostprocessing = 0;
		};
/* End PBXResourcesBuildPhase section */

/* Begin PBXSourcesBuildPhase section */
		C145AF292391F1E600A7EC51 /* Sources */ = {
			isa = PBXSourcesBuildPhase;
			buildActionMask = 2147483647;
			files = (
				C145AF312391F1E600A7EC51 /* AppDelegate.swift in Sources */,
				C1CB7CAD2394C06800FAFB73 /* CellView.swift in Sources */,
				C145AF332391F1E600A7EC51 /* SceneDelegate.swift in Sources */,
				C1CB7CAA2394B9F400FAFB73 /* CardImageView.swift in Sources */,
				C145AF352391F1E600A7EC51 /* ContentView.swift in Sources */,
			);
			runOnlyForDeploymentPostprocessing = 0;
		};
		C145AF3F2391F1E900A7EC51 /* Sources */ = {
			isa = PBXSourcesBuildPhase;
			buildActionMask = 2147483647;
			files = (
				C145AF482391F1E900A7EC51 /* SwiftUILearningTests.swift in Sources */,
			);
			runOnlyForDeploymentPostprocessing = 0;
		};
		C145AF4A2391F1E900A7EC51 /* Sources */ = {
			isa = PBXSourcesBuildPhase;
			buildActionMask = 2147483647;
			files = (
				C145AF532391F1E900A7EC51 /* SwiftUILearningUITests.swift in Sources */,
			);
			runOnlyForDeploymentPostprocessing = 0;
		};
/* End PBXSourcesBuildPhase section */

/* Begin PBXTargetDependency section */
		C145AF452391F1E900A7EC51 /* PBXTargetDependency */ = {
			isa = PBXTargetDependency;
			target = C145AF2C2391F1E600A7EC51 /* SwiftUILearning */;
			targetProxy = C145AF442391F1E900A7EC51 /* PBXContainerItemProxy */;
		};
		C145AF502391F1E900A7EC51 /* PBXTargetDependency */ = {
			isa = PBXTargetDependency;
			target = C145AF2C2391F1E600A7EC51 /* SwiftUILearning */;
			targetProxy = C145AF4F2391F1E900A7EC51 /* PBXContainerItemProxy */;
		};
/* End PBXTargetDependency section */

/* Begin PBXVariantGroup section */
		C145AF3B2391F1E900A7EC51 /* LaunchScreen.storyboard */ = {
			isa = PBXVariantGroup;
			children = (
				C145AF3C2391F1E900A7EC51 /* Base */,
			);
			name = LaunchScreen.storyboard;
			sourceTree = "<group>";
		};
/* End PBXVariantGroup section */

/* Begin XCBuildConfiguration section */
		C145AF552391F1E900A7EC51 /* Debug */ = {
			isa = XCBuildConfiguration;
			buildSettings = {
				ALWAYS_SEARCH_USER_PATHS = NO;
				CLANG_ANALYZER_NONNULL = YES;
				CLANG_ANALYZER_NUMBER_OBJECT_CONVERSION = YES_AGGRESSIVE;
				CLANG_CXX_LANGUAGE_STANDARD = "gnu++14";
				CLANG_CXX_LIBRARY = "libc++";
				CLANG_ENABLE_MODULES = YES;
				CLANG_ENABLE_OBJC_ARC = YES;
				CLANG_ENABLE_OBJC_WEAK = YES;
				CLANG_WARN_BLOCK_CAPTURE_AUTORELEASING = YES;
				CLANG_WARN_BOOL_CONVERSION = YES;
				CLANG_WARN_COMMA = YES;
				CLANG_WARN_CONSTANT_CONVERSION = YES;
				CLANG_WARN_DEPRECATED_OBJC_IMPLEMENTATIONS = YES;
				CLANG_WARN_DIRECT_OBJC_ISA_USAGE = YES_ERROR;
				CLANG_WARN_DOCUMENTATION_COMMENTS = YES;
				CLANG_WARN_EMPTY_BODY = YES;
				CLANG_WARN_ENUM_CONVERSION = YES;
				CLANG_WARN_INFINITE_RECURSION = YES;
				CLANG_WARN_INT_CONVERSION = YES;
				CLANG_WARN_NON_LITERAL_NULL_CONVERSION = YES;
				CLANG_WARN_OBJC_IMPLICIT_RETAIN_SELF = YES;
				CLANG_WARN_OBJC_LITERAL_CONVERSION = YES;
				CLANG_WARN_OBJC_ROOT_CLASS = YES_ERROR;
				CLANG_WARN_RANGE_LOOP_ANALYSIS = YES;
				CLANG_WARN_STRICT_PROTOTYPES = YES;
				CLANG_WARN_SUSPICIOUS_MOVE = YES;
				CLANG_WARN_UNGUARDED_AVAILABILITY = YES_AGGRESSIVE;
				CLANG_WARN_UNREACHABLE_CODE = YES;
				CLANG_WARN__DUPLICATE_METHOD_MATCH = YES;
				COPY_PHASE_STRIP = NO;
				DEBUG_INFORMATION_FORMAT = dwarf;
				ENABLE_STRICT_OBJC_MSGSEND = YES;
				ENABLE_TESTABILITY = YES;
				GCC_C_LANGUAGE_STANDARD = gnu11;
				GCC_DYNAMIC_NO_PIC = NO;
				GCC_NO_COMMON_BLOCKS = YES;
				GCC_OPTIMIZATION_LEVEL = 0;
				GCC_PREPROCESSOR_DEFINITIONS = (
					"DEBUG=1",
					"$(inherited)",
				);
				GCC_WARN_64_TO_32_BIT_CONVERSION = YES;
				GCC_WARN_ABOUT_RETURN_TYPE = YES_ERROR;
				GCC_WARN_UNDECLARED_SELECTOR = YES;
				GCC_WARN_UNINITIALIZED_AUTOS = YES_AGGRESSIVE;
				GCC_WARN_UNUSED_FUNCTION = YES;
				GCC_WARN_UNUSED_VARIABLE = YES;
				IPHONEOS_DEPLOYMENT_TARGET = 13.2;
				MTL_ENABLE_DEBUG_INFO = INCLUDE_SOURCE;
				MTL_FAST_MATH = YES;
				ONLY_ACTIVE_ARCH = YES;
				SDKROOT = iphoneos;
				SWIFT_ACTIVE_COMPILATION_CONDITIONS = DEBUG;
				SWIFT_OPTIMIZATION_LEVEL = "-Onone";
			};
			name = Debug;
		};
		C145AF562391F1E900A7EC51 /* Release */ = {
			isa = XCBuildConfiguration;
			buildSettings = {
				ALWAYS_SEARCH_USER_PATHS = NO;
				CLANG_ANALYZER_NONNULL = YES;
				CLANG_ANALYZER_NUMBER_OBJECT_CONVERSION = YES_AGGRESSIVE;
				CLANG_CXX_LANGUAGE_STANDARD = "gnu++14";
				CLANG_CXX_LIBRARY = "libc++";
				CLANG_ENABLE_MODULES = YES;
				CLANG_ENABLE_OBJC_ARC = YES;
				CLANG_ENABLE_OBJC_WEAK = YES;
				CLANG_WARN_BLOCK_CAPTURE_AUTORELEASING = YES;
				CLANG_WARN_BOOL_CONVERSION = YES;
				CLANG_WARN_COMMA = YES;
				CLANG_WARN_CONSTANT_CONVERSION = YES;
				CLANG_WARN_DEPRECATED_OBJC_IMPLEMENTATIONS = YES;
				CLANG_WARN_DIRECT_OBJC_ISA_USAGE = YES_ERROR;
				CLANG_WARN_DOCUMENTATION_COMMENTS = YES;
				CLANG_WARN_EMPTY_BODY = YES;
				CLANG_WARN_ENUM_CONVERSION = YES;
				CLANG_WARN_INFINITE_RECURSION = YES;
				CLANG_WARN_INT_CONVERSION = YES;
				CLANG_WARN_NON_LITERAL_NULL_CONVERSION = YES;
				CLANG_WARN_OBJC_IMPLICIT_RETAIN_SELF = YES;
				CLANG_WARN_OBJC_LITERAL_CONVERSION = YES;
				CLANG_WARN_OBJC_ROOT_CLASS = YES_ERROR;
				CLANG_WARN_RANGE_LOOP_ANALYSIS = YES;
				CLANG_WARN_STRICT_PROTOTYPES = YES;
				CLANG_WARN_SUSPICIOUS_MOVE = YES;
				CLANG_WARN_UNGUARDED_AVAILABILITY = YES_AGGRESSIVE;
				CLANG_WARN_UNREACHABLE_CODE = YES;
				CLANG_WARN__DUPLICATE_METHOD_MATCH = YES;
				COPY_PHASE_STRIP = NO;
				DEBUG_INFORMATION_FORMAT = "dwarf-with-dsym";
				ENABLE_NS_ASSERTIONS = NO;
				ENABLE_STRICT_OBJC_MSGSEND = YES;
				GCC_C_LANGUAGE_STANDARD = gnu11;
				GCC_NO_COMMON_BLOCKS = YES;
				GCC_WARN_64_TO_32_BIT_CONVERSION = YES;
				GCC_WARN_ABOUT_RETURN_TYPE = YES_ERROR;
				GCC_WARN_UNDECLARED_SELECTOR = YES;
				GCC_WARN_UNINITIALIZED_AUTOS = YES_AGGRESSIVE;
				GCC_WARN_UNUSED_FUNCTION = YES;
				GCC_WARN_UNUSED_VARIABLE = YES;
				IPHONEOS_DEPLOYMENT_TARGET = 13.2;
				MTL_ENABLE_DEBUG_INFO = NO;
				MTL_FAST_MATH = YES;
				SDKROOT = iphoneos;
				SWIFT_COMPILATION_MODE = wholemodule;
				SWIFT_OPTIMIZATION_LEVEL = "-O";
				VALIDATE_PRODUCT = YES;
			};
			name = Release;
		};
		C145AF582391F1E900A7EC51 /* Debug */ = {
			isa = XCBuildConfiguration;
			buildSettings = {
				ASSETCATALOG_COMPILER_APPICON_NAME = AppIcon;
				CODE_SIGN_STYLE = Automatic;
				DEVELOPMENT_ASSET_PATHS = "\"SwiftUILearning/Preview Content\"";
				DEVELOPMENT_TEAM = 8R2D9WN3M3;
				ENABLE_PREVIEWS = YES;
				INFOPLIST_FILE = SwiftUILearning/Info.plist;
				LD_RUNPATH_SEARCH_PATHS = (
					"$(inherited)",
					"@executable_path/Frameworks",
				);
				PRODUCT_BUNDLE_IDENTIFIER = com.ingjohnguerrero.SwiftUILearning;
				PRODUCT_NAME = "$(TARGET_NAME)";
				SWIFT_VERSION = 5.0;
				TARGETED_DEVICE_FAMILY = "1,2";
			};
			name = Debug;
		};
		C145AF592391F1E900A7EC51 /* Release */ = {
			isa = XCBuildConfiguration;
			buildSettings = {
				ASSETCATALOG_COMPILER_APPICON_NAME = AppIcon;
				CODE_SIGN_STYLE = Automatic;
				DEVELOPMENT_ASSET_PATHS = "\"SwiftUILearning/Preview Content\"";
				DEVELOPMENT_TEAM = 8R2D9WN3M3;
				ENABLE_PREVIEWS = YES;
				INFOPLIST_FILE = SwiftUILearning/Info.plist;
				LD_RUNPATH_SEARCH_PATHS = (
					"$(inherited)",
					"@executable_path/Frameworks",
				);
				PRODUCT_BUNDLE_IDENTIFIER = com.ingjohnguerrero.SwiftUILearning;
				PRODUCT_NAME = "$(TARGET_NAME)";
				SWIFT_VERSION = 5.0;
				TARGETED_DEVICE_FAMILY = "1,2";
			};
			name = Release;
		};
		C145AF5B2391F1E900A7EC51 /* Debug */ = {
			isa = XCBuildConfiguration;
			buildSettings = {
				ALWAYS_EMBED_SWIFT_STANDARD_LIBRARIES = YES;
				BUNDLE_LOADER = "$(TEST_HOST)";
				CODE_SIGN_STYLE = Automatic;
				DEVELOPMENT_TEAM = 8R2D9WN3M3;
				INFOPLIST_FILE = SwiftUILearningTests/Info.plist;
				IPHONEOS_DEPLOYMENT_TARGET = 13.2;
				LD_RUNPATH_SEARCH_PATHS = (
					"$(inherited)",
					"@executable_path/Frameworks",
					"@loader_path/Frameworks",
				);
				PRODUCT_BUNDLE_IDENTIFIER = com.ingjohnguerrero.SwiftUILearningTests;
				PRODUCT_NAME = "$(TARGET_NAME)";
				SWIFT_VERSION = 5.0;
				TARGETED_DEVICE_FAMILY = "1,2";
				TEST_HOST = "$(BUILT_PRODUCTS_DIR)/SwiftUILearning.app/SwiftUILearning";
			};
			name = Debug;
		};
		C145AF5C2391F1E900A7EC51 /* Release */ = {
			isa = XCBuildConfiguration;
			buildSettings = {
				ALWAYS_EMBED_SWIFT_STANDARD_LIBRARIES = YES;
				BUNDLE_LOADER = "$(TEST_HOST)";
				CODE_SIGN_STYLE = Automatic;
				DEVELOPMENT_TEAM = 8R2D9WN3M3;
				INFOPLIST_FILE = SwiftUILearningTests/Info.plist;
				IPHONEOS_DEPLOYMENT_TARGET = 13.2;
				LD_RUNPATH_SEARCH_PATHS = (
					"$(inherited)",
					"@executable_path/Frameworks",
					"@loader_path/Frameworks",
				);
				PRODUCT_BUNDLE_IDENTIFIER = com.ingjohnguerrero.SwiftUILearningTests;
				PRODUCT_NAME = "$(TARGET_NAME)";
				SWIFT_VERSION = 5.0;
				TARGETED_DEVICE_FAMILY = "1,2";
				TEST_HOST = "$(BUILT_PRODUCTS_DIR)/SwiftUILearning.app/SwiftUILearning";
			};
			name = Release;
		};
		C145AF5E2391F1E900A7EC51 /* Debug */ = {
			isa = XCBuildConfiguration;
			buildSettings = {
				ALWAYS_EMBED_SWIFT_STANDARD_LIBRARIES = YES;
				CODE_SIGN_STYLE = Automatic;
				DEVELOPMENT_TEAM = 8R2D9WN3M3;
				INFOPLIST_FILE = SwiftUILearningUITests/Info.plist;
				LD_RUNPATH_SEARCH_PATHS = (
					"$(inherited)",
					"@executable_path/Frameworks",
					"@loader_path/Frameworks",
				);
				PRODUCT_BUNDLE_IDENTIFIER = com.ingjohnguerrero.SwiftUILearningUITests;
				PRODUCT_NAME = "$(TARGET_NAME)";
				SWIFT_VERSION = 5.0;
				TARGETED_DEVICE_FAMILY = "1,2";
				TEST_TARGET_NAME = SwiftUILearning;
			};
			name = Debug;
		};
		C145AF5F2391F1E900A7EC51 /* Release */ = {
			isa = XCBuildConfiguration;
			buildSettings = {
				ALWAYS_EMBED_SWIFT_STANDARD_LIBRARIES = YES;
				CODE_SIGN_STYLE = Automatic;
				DEVELOPMENT_TEAM = 8R2D9WN3M3;
				INFOPLIST_FILE = SwiftUILearningUITests/Info.plist;
				LD_RUNPATH_SEARCH_PATHS = (
					"$(inherited)",
					"@executable_path/Frameworks",
					"@loader_path/Frameworks",
				);
				PRODUCT_BUNDLE_IDENTIFIER = com.ingjohnguerrero.SwiftUILearningUITests;
				PRODUCT_NAME = "$(TARGET_NAME)";
				SWIFT_VERSION = 5.0;
				TARGETED_DEVICE_FAMILY = "1,2";
				TEST_TARGET_NAME = SwiftUILearning;
			};
			name = Release;
		};
/* End XCBuildConfiguration section */

/* Begin XCConfigurationList section */
		C145AF282391F1E600A7EC51 /* Build configuration list for PBXProject "SwiftUILearning" */ = {
			isa = XCConfigurationList;
			buildConfigurations = (
				C145AF552391F1E900A7EC51 /* Debug */,
				C145AF562391F1E900A7EC51 /* Release */,
			);
			defaultConfigurationIsVisible = 0;
			defaultConfigurationName = Release;
		};
		C145AF572391F1E900A7EC51 /* Build configuration list for PBXNativeTarget "SwiftUILearning" */ = {
			isa = XCConfigurationList;
			buildConfigurations = (
				C145AF582391F1E900A7EC51 /* Debug */,
				C145AF592391F1E900A7EC51 /* Release */,
			);
			defaultConfigurationIsVisible = 0;
			defaultConfigurationName = Release;
		};
		C145AF5A2391F1E900A7EC51 /* Build configuration list for PBXNativeTarget "SwiftUILearningTests" */ = {
			isa = XCConfigurationList;
			buildConfigurations = (
				C145AF5B2391F1E900A7EC51 /* Debug */,
				C145AF5C2391F1E900A7EC51 /* Release */,
			);
			defaultConfigurationIsVisible = 0;
			defaultConfigurationName = Release;
		};
		C145AF5D2391F1E900A7EC51 /* Build configuration list for PBXNativeTarget "SwiftUILearningUITests" */ = {
			isa = XCConfigurationList;
			buildConfigurations = (
				C145AF5E2391F1E900A7EC51 /* Debug */,
				C145AF5F2391F1E900A7EC51 /* Release */,
			);
			defaultConfigurationIsVisible = 0;
			defaultConfigurationName = Release;
		};
/* End XCConfigurationList section */
	};
	rootObject = C145AF252391F1E600A7EC51 /* Project object */;
}
